
Microsoft Visual Studio Solution File, Format Version 12.00
Project("{FAE04EC0-301F-11D3-BF4B-00C04F79EFBC}") = "backend", "backend.csproj", "{8BEA6897-9925-43AC-97E5-0AF1C0A5434E}"
EndProject
Global
	GlobalSection(SolutionConfigurationPlatforms) = preSolution
		Debug|Any CPU = Debug|Any CPU
		Release|Any CPU = Release|Any CPU
	EndGlobalSection
	GlobalSection(ProjectConfigurationPlatforms) = postSolution
		{8BEA6897-9925-43AC-97E5-0AF1C0A5434E}.Debug|Any CPU.ActiveCfg = Debug|Any CPU
		{8BEA6897-9925-43AC-97E5-0AF1C0A5434E}.Debug|Any CPU.Build.0 = Debug|Any CPU
		{8BEA6897-9925-43AC-97E5-0AF1C0A5434E}.Release|Any CPU.ActiveCfg = Release|Any CPU
		{8BEA6897-9925-43AC-97E5-0AF1C0A5434E}.Release|Any CPU.Build.0 = Release|Any CPU
	EndGlobalSection
EndGlobal
